lockfileVersion: '9.0'

settings:
  autoInstallPeers: true
  excludeLinksFromLockfile: false

importers:

  .:
    dependencies:
      react:
        specifier: ^19.1.0
        version: 19.1.0
      react-dom:
        specifier: ^19.1.0
        version: 19.1.0(react@19.1.0)
    devDependencies:
      '@biomejs/biome':
        specifier: ^1.9.4
        version: 1.9.4
      '@rsbuild/core':
        specifier: ^1.3.18
        version: 1.3.18
      '@rsbuild/plugin-react':
        specifier: ^1.3.1
        version: 1.3.1(@rsbuild/core@1.3.18)
      '@types/react':
        specifier: ^19.1.2
        version: 19.1.3
      '@types/react-dom':
        specifier: ^19.1.3
        version: 19.1.3(@types/react@19.1.3)
      cspell:
        specifier: ^9.0.1
        version: 9.0.1
      typescript:
        specifier: ^5.8.3
        version: 5.8.3

packages:

  '@biomejs/biome@1.9.4':
    resolution: {integrity: sha512-1rkd7G70+o9KkTn5KLmDYXihGoTaIGO9PIIN2ZB7UJxFrWw04CZHPYiMRjYsaDvVV7hP1dYNRLxSANLaBFGpog==}
    engines: {node: '>=14.21.3'}
    hasBin: true

  '@biomejs/cli-darwin-arm64@1.9.4':
    resolution: {integrity: sha512-bFBsPWrNvkdKrNCYeAp+xo2HecOGPAy9WyNyB/jKnnedgzl4W4Hb9ZMzYNbf8dMCGmUdSavlYHiR01QaYR58cw==}
    engines: {node: '>=14.21.3'}
    cpu: [arm64]
    os: [darwin]

  '@biomejs/cli-darwin-x64@1.9.4':
    resolution: {integrity: sha512-ngYBh/+bEedqkSevPVhLP4QfVPCpb+4BBe2p7Xs32dBgs7rh9nY2AIYUL6BgLw1JVXV8GlpKmb/hNiuIxfPfZg==}
    engines: {node: '>=14.21.3'}
    cpu: [x64]
    os: [darwin]

  '@biomejs/cli-linux-arm64-musl@1.9.4':
    resolution: {integrity: sha512-v665Ct9WCRjGa8+kTr0CzApU0+XXtRgwmzIf1SeKSGAv+2scAlW6JR5PMFo6FzqqZ64Po79cKODKf3/AAmECqA==}
    engines: {node: '>=14.21.3'}
    cpu: [arm64]
    os: [linux]

  '@biomejs/cli-linux-arm64@1.9.4':
    resolution: {integrity: sha512-fJIW0+LYujdjUgJJuwesP4EjIBl/N/TcOX3IvIHJQNsAqvV2CHIogsmA94BPG6jZATS4Hi+xv4SkBBQSt1N4/g==}
    engines: {node: '>=14.21.3'}
    cpu: [arm64]
    os: [linux]

  '@biomejs/cli-linux-x64-musl@1.9.4':
    resolution: {integrity: sha512-gEhi/jSBhZ2m6wjV530Yy8+fNqG8PAinM3oV7CyO+6c3CEh16Eizm21uHVsyVBEB6RIM8JHIl6AGYCv6Q6Q9Tg==}
    engines: {node: '>=14.21.3'}
    cpu: [x64]
    os: [linux]

  '@biomejs/cli-linux-x64@1.9.4':
    resolution: {integrity: sha512-lRCJv/Vi3Vlwmbd6K+oQ0KhLHMAysN8lXoCI7XeHlxaajk06u7G+UsFSO01NAs5iYuWKmVZjmiOzJ0OJmGsMwg==}
    engines: {node: '>=14.21.3'}
    cpu: [x64]
    os: [linux]

  '@biomejs/cli-win32-arm64@1.9.4':
    resolution: {integrity: sha512-tlbhLk+WXZmgwoIKwHIHEBZUwxml7bRJgk0X2sPyNR3S93cdRq6XulAZRQJ17FYGGzWne0fgrXBKpl7l4M87Hg==}
    engines: {node: '>=14.21.3'}
    cpu: [arm64]
    os: [win32]

  '@biomejs/cli-win32-x64@1.9.4':
    resolution: {integrity: sha512-8Y5wMhVIPaWe6jw2H+KlEm4wP/f7EW3810ZLmDlrEEy5KvBsb9ECEfu/kMWD484ijfQ8+nIi0giMgu9g1UAuuA==}
    engines: {node: '>=14.21.3'}
    cpu: [x64]
    os: [win32]

  '@cspell/cspell-bundled-dicts@9.0.1':
    resolution: {integrity: sha512-h7gTqg0VF4N8VhOPk66XewuSsT56OP2ujgxtAyYQ4H+NuYd3HMfS0h/I3/y9uBhllwOEamaeAzYhc5JF/qIrsQ==}
    engines: {node: '>=20'}

  '@cspell/cspell-json-reporter@9.0.1':
    resolution: {integrity: sha512-Rpn7Tuq9t8bZpXZFV43NkhCl0LaPDJZSON4/JFxGbOcH16ryXfrx7oObUTIIyxSxO3fGkzaJZHIwGibRJSsbNQ==}
    engines: {node: '>=20'}

  '@cspell/cspell-pipe@9.0.1':
    resolution: {integrity: sha512-bhFcvF2a8KYKVh/OebCfJ8LFw5GYHyUsUjAbxnznTBrYOFSIclDjwUwT29yVDXwnQkJkB6Px5Y9e2VvtFizVFg==}
    engines: {node: '>=20'}

  '@cspell/cspell-resolver@9.0.1':
    resolution: {integrity: sha512-AhIXAhX1qt7Y3EyiP/5rAk7Ow7DJpAyB44wPbfdF9p1vhnk6oQ7RslnD3G6S9o/vNxZ0DWFPREMWx19J/3c+hw==}
    engines: {node: '>=20'}

  '@cspell/cspell-service-bus@9.0.1':
    resolution: {integrity: sha512-DoW6hLkFIO3BXePtUYQEax3FTH9fkwCUbf6qphAEXnr4PjoyPZsgBhR6iCrZd4DyhuFiRvK3Cgpq2o3O0NdODQ==}
    engines: {node: '>=20'}

  '@cspell/cspell-types@9.0.1':
    resolution: {integrity: sha512-8FRmvyV1AYEepJB3J7jji1ZYG9yOK0eYr4WuUVPfUJa6N3HyeZjWKhxbVvqedmEI74f5Ls3cQKHY1T2Yvqk/ag==}
    engines: {node: '>=20'}

  '@cspell/dict-ada@4.1.0':
    resolution: {integrity: sha512-7SvmhmX170gyPd+uHXrfmqJBY5qLcCX8kTGURPVeGxmt8XNXT75uu9rnZO+jwrfuU2EimNoArdVy5GZRGljGNg==}

  '@cspell/dict-al@1.1.0':
    resolution: {integrity: sha512-PtNI1KLmYkELYltbzuoztBxfi11jcE9HXBHCpID2lou/J4VMYKJPNqe4ZjVzSI9NYbMnMnyG3gkbhIdx66VSXg==}

  '@cspell/dict-aws@4.0.10':
    resolution: {integrity: sha512-0qW4sI0GX8haELdhfakQNuw7a2pnWXz3VYQA2MpydH2xT2e6EN9DWFpKAi8DfcChm8MgDAogKkoHtIo075iYng==}

  '@cspell/dict-bash@4.2.0':
    resolution: {integrity: sha512-HOyOS+4AbCArZHs/wMxX/apRkjxg6NDWdt0jF9i9XkvJQUltMwEhyA2TWYjQ0kssBsnof+9amax2lhiZnh3kCg==}

  '@cspell/dict-companies@3.2.1':
    resolution: {integrity: sha512-ryaeJ1KhTTKL4mtinMtKn8wxk6/tqD4vX5tFP+Hg89SiIXmbMk5vZZwVf+eyGUWJOyw5A1CVj9EIWecgoi+jYQ==}

  '@cspell/dict-cpp@6.0.8':
    resolution: {integrity: sha512-BzurRZilWqaJt32Gif6/yCCPi+FtrchjmnehVEIFzbWyeBd/VOUw77IwrEzehZsu5cRU91yPWuWp5fUsKfDAXA==}

  '@cspell/dict-cryptocurrencies@5.0.4':
    resolution: {integrity: sha512-6iFu7Abu+4Mgqq08YhTKHfH59mpMpGTwdzDB2Y8bbgiwnGFCeoiSkVkgLn1Kel2++hYcZ8vsAW/MJS9oXxuMag==}

  '@cspell/dict-csharp@4.0.6':
    resolution: {integrity: sha512-w/+YsqOknjQXmIlWDRmkW+BHBPJZ/XDrfJhZRQnp0wzpPOGml7W0q1iae65P2AFRtTdPKYmvSz7AL5ZRkCnSIw==}

  '@cspell/dict-css@4.0.17':
    resolution: {integrity: sha512-2EisRLHk6X/PdicybwlajLGKF5aJf4xnX2uuG5lexuYKt05xV/J/OiBADmi8q9obhxf1nesrMQbqAt+6CsHo/w==}

  '@cspell/dict-dart@2.3.0':
    resolution: {integrity: sha512-1aY90lAicek8vYczGPDKr70pQSTQHwMFLbmWKTAI6iavmb1fisJBS1oTmMOKE4ximDf86MvVN6Ucwx3u/8HqLg==}

  '@cspell/dict-data-science@2.0.8':
    resolution: {integrity: sha512-uyAtT+32PfM29wRBeAkUSbkytqI8bNszNfAz2sGPtZBRmsZTYugKMEO9eDjAIE/pnT9CmbjNuoiXhk+Ss4fCOg==}

  '@cspell/dict-django@4.1.4':
    resolution: {integrity: sha512-fX38eUoPvytZ/2GA+g4bbdUtCMGNFSLbdJJPKX2vbewIQGfgSFJKY56vvcHJKAvw7FopjvgyS/98Ta9WN1gckg==}

  '@cspell/dict-docker@1.1.14':
    resolution: {integrity: sha512-p6Qz5mokvcosTpDlgSUREdSbZ10mBL3ndgCdEKMqjCSZJFdfxRdNdjrGER3lQ6LMq5jGr1r7nGXA0gvUJK80nw==}

  '@cspell/dict-dotnet@5.0.9':
    resolution: {integrity: sha512-JGD6RJW5sHtO5lfiJl11a5DpPN6eKSz5M1YBa1I76j4dDOIqgZB6rQexlDlK1DH9B06X4GdDQwdBfnpAB0r2uQ==}

  '@cspell/dict-elixir@4.0.7':
    resolution: {integrity: sha512-MAUqlMw73mgtSdxvbAvyRlvc3bYnrDqXQrx5K9SwW8F7fRYf9V4vWYFULh+UWwwkqkhX9w03ZqFYRTdkFku6uA==}

  '@cspell/dict-en-common-misspellings@2.0.11':
    resolution: {integrity: sha512-xFQjeg0wFHh9sFhshpJ+5BzWR1m9Vu8pD0CGPkwZLK9oii8AD8RXNchabLKy/O5VTLwyqPOi9qpyp1cxm3US4Q==}

  '@cspell/dict-en-gb-mit@3.0.6':
    resolution: {integrity: sha512-QYDwuXi9Yh+AvU1omhz8sWX+A1SxWI3zeK1HdGfTrICZavhp8xxcQGTa5zxTTFRCcQc483YzUH2Dl+6Zd50tJg==}

  '@cspell/dict-en_us@4.4.8':
    resolution: {integrity: sha512-OkNUVuU9Q+Sf827/61YPkk6ya6dSsllzeYniBFqNW9TkoqQXT3vggkgmtCE1aEhSvVctMwxpPYoC8pZgn1TeSA==}

  '@cspell/dict-filetypes@3.0.12':
    resolution: {integrity: sha512-+ds5wgNdlUxuJvhg8A1TjuSpalDFGCh7SkANCWvIplg6QZPXL4j83lqxP7PgjHpx7PsBUS7vw0aiHPjZy9BItw==}

  '@cspell/dict-flutter@1.1.0':
    resolution: {integrity: sha512-3zDeS7zc2p8tr9YH9tfbOEYfopKY/srNsAa+kE3rfBTtQERAZeOhe5yxrnTPoufctXLyuUtcGMUTpxr3dO0iaA==}

  '@cspell/dict-fonts@4.0.4':
    resolution: {integrity: sha512-cHFho4hjojBcHl6qxidl9CvUb492IuSk7xIf2G2wJzcHwGaCFa2o3gRcxmIg1j62guetAeDDFELizDaJlVRIOg==}

  '@cspell/dict-fsharp@1.1.0':
    resolution: {integrity: sha512-oguWmHhGzgbgbEIBKtgKPrFSVAFtvGHaQS0oj+vacZqMObwkapcTGu7iwf4V3Bc2T3caf0QE6f6rQfIJFIAVsw==}

  '@cspell/dict-fullstack@3.2.6':
    resolution: {integrity: sha512-cSaq9rz5RIU9j+0jcF2vnKPTQjxGXclntmoNp4XB7yFX2621PxJcekGjwf/lN5heJwVxGLL9toR0CBlGKwQBgA==}

  '@cspell/dict-gaming-terms@1.1.1':
    resolution: {integrity: sha512-tb8GFxjTLDQstkJcJ90lDqF4rKKlMUKs5/ewePN9P+PYRSehqDpLI5S5meOfPit8LGszeOrjUdBQ4zXo7NpMyQ==}

  '@cspell/dict-git@3.0.4':
    resolution: {integrity: sha512-C44M+m56rYn6QCsLbiKiedyPTMZxlDdEYAsPwwlL5bhMDDzXZ3Ic8OCQIhMbiunhCOJJT+er4URmOmM+sllnjg==}

  '@cspell/dict-golang@6.0.21':
    resolution: {integrity: sha512-D3wG1MWhFx54ySFJ00CS1MVjR4UiBVsOWGIjJ5Av+HamnguqEshxbF9mvy+BX0KqzdLVzwFkoLBs8QeOID56HA==}

  '@cspell/dict-google@1.0.8':
    resolution: {integrity: sha512-BnMHgcEeaLyloPmBs8phCqprI+4r2Jb8rni011A8hE+7FNk7FmLE3kiwxLFrcZnnb7eqM0agW4zUaNoB0P+z8A==}

  '@cspell/dict-haskell@4.0.5':
    resolution: {integrity: sha512-s4BG/4tlj2pPM9Ha7IZYMhUujXDnI0Eq1+38UTTCpatYLbQqDwRFf2KNPLRqkroU+a44yTUAe0rkkKbwy4yRtQ==}

  '@cspell/dict-html-symbol-entities@4.0.3':
    resolution: {integrity: sha512-aABXX7dMLNFdSE8aY844X4+hvfK7977sOWgZXo4MTGAmOzR8524fjbJPswIBK7GaD3+SgFZ2yP2o0CFvXDGF+A==}

  '@cspell/dict-html@4.0.11':
    resolution: {integrity: sha512-QR3b/PB972SRQ2xICR1Nw/M44IJ6rjypwzA4jn+GH8ydjAX9acFNfc+hLZVyNe0FqsE90Gw3evLCOIF0vy1vQw==}

  '@cspell/dict-java@5.0.11':
    resolution: {integrity: sha512-T4t/1JqeH33Raa/QK/eQe26FE17eUCtWu+JsYcTLkQTci2dk1DfcIKo8YVHvZXBnuM43ATns9Xs0s+AlqDeH7w==}

  '@cspell/dict-julia@1.1.0':
    resolution: {integrity: sha512-CPUiesiXwy3HRoBR3joUseTZ9giFPCydSKu2rkh6I2nVjXnl5vFHzOMLXpbF4HQ1tH2CNfnDbUndxD+I+7eL9w==}

  '@cspell/dict-k8s@1.0.10':
    resolution: {integrity: sha512-313haTrX9prep1yWO7N6Xw4D6tvUJ0Xsx+YhCP+5YrrcIKoEw5Rtlg8R4PPzLqe6zibw6aJ+Eqq+y76Vx5BZkw==}

  '@cspell/dict-kotlin@1.1.0':
    resolution: {integrity: sha512-vySaVw6atY7LdwvstQowSbdxjXG6jDhjkWVWSjg1XsUckyzH1JRHXe9VahZz1i7dpoFEUOWQrhIe5B9482UyJQ==}

  '@cspell/dict-latex@4.0.3':
    resolution: {integrity: sha512-2KXBt9fSpymYHxHfvhUpjUFyzrmN4c4P8mwIzweLyvqntBT3k0YGZJSriOdjfUjwSygrfEwiuPI1EMrvgrOMJw==}

  '@cspell/dict-lorem-ipsum@4.0.4':
    resolution: {integrity: sha512-+4f7vtY4dp2b9N5fn0za/UR0kwFq2zDtA62JCbWHbpjvO9wukkbl4rZg4YudHbBgkl73HRnXFgCiwNhdIA1JPw==}

  '@cspell/dict-lua@4.0.7':
    resolution: {integrity: sha512-Wbr7YSQw+cLHhTYTKV6cAljgMgcY+EUAxVIZW3ljKswEe4OLxnVJ7lPqZF5JKjlXdgCjbPSimsHqyAbC5pQN/Q==}

  '@cspell/dict-makefile@1.0.4':
    resolution: {integrity: sha512-E4hG/c0ekPqUBvlkrVvzSoAA+SsDA9bLi4xSV3AXHTVru7Y2bVVGMPtpfF+fI3zTkww/jwinprcU1LSohI3ylw==}

  '@cspell/dict-markdown@2.0.10':
    resolution: {integrity: sha512-vtVa6L/84F9sTjclTYDkWJF/Vx2c5xzxBKkQp+CEFlxOF2SYgm+RSoEvAvg5vj4N5kuqR4350ZlY3zl2eA3MXw==}
    peerDependencies:
      '@cspell/dict-css': ^4.0.17
      '@cspell/dict-html': ^4.0.11
      '@cspell/dict-html-symbol-entities': ^4.0.3
      '@cspell/dict-typescript': ^3.2.1

  '@cspell/dict-monkeyc@1.0.10':
    resolution: {integrity: sha512-7RTGyKsTIIVqzbvOtAu6Z/lwwxjGRtY5RkKPlXKHEoEAgIXwfDxb5EkVwzGQwQr8hF/D3HrdYbRT8MFBfsueZw==}

  '@cspell/dict-node@5.0.7':
    resolution: {integrity: sha512-ZaPpBsHGQCqUyFPKLyCNUH2qzolDRm1/901IO8e7btk7bEDF56DN82VD43gPvD4HWz3yLs/WkcLa01KYAJpnOw==}

  '@cspell/dict-npm@5.2.3':
    resolution: {integrity: sha512-EdGkCpAq66Mhi9Qldgsr+NvPVL4TdtmdlqDe4VBp0P3n6J0B7b0jT1MlVDIiLR+F1eqBfL0qjfHf0ey1CafeNw==}

  '@cspell/dict-php@4.0.14':
    resolution: {integrity: sha512-7zur8pyncYZglxNmqsRycOZ6inpDoVd4yFfz1pQRe5xaRWMiK3Km4n0/X/1YMWhh3e3Sl/fQg5Axb2hlN68t1g==}

  '@cspell/dict-powershell@5.0.14':
    resolution: {integrity: sha512-ktjjvtkIUIYmj/SoGBYbr3/+CsRGNXGpvVANrY0wlm/IoGlGywhoTUDYN0IsGwI2b8Vktx3DZmQkfb3Wo38jBA==}

  '@cspell/dict-public-licenses@2.0.13':
    resolution: {integrity: sha512-1Wdp/XH1ieim7CadXYE7YLnUlW0pULEjVl9WEeziZw3EKCAw8ZI8Ih44m4bEa5VNBLnuP5TfqC4iDautAleQzQ==}

  '@cspell/dict-python@4.2.18':
    resolution: {integrity: sha512-hYczHVqZBsck7DzO5LumBLJM119a3F17aj8a7lApnPIS7cmEwnPc2eACNscAHDk7qAo2127oI7axUoFMe9/g1g==}

  '@cspell/dict-r@2.1.0':
    resolution: {integrity: sha512-k2512wgGG0lTpTYH9w5Wwco+lAMf3Vz7mhqV8+OnalIE7muA0RSuD9tWBjiqLcX8zPvEJr4LdgxVju8Gk3OKyA==}

  '@cspell/dict-ruby@5.0.8':
    resolution: {integrity: sha512-ixuTneU0aH1cPQRbWJvtvOntMFfeQR2KxT8LuAv5jBKqQWIHSxzGlp+zX3SVyoeR0kOWiu64/O5Yn836A5yMcQ==}

  '@cspell/dict-rust@4.0.11':
    resolution: {integrity: sha512-OGWDEEzm8HlkSmtD8fV3pEcO2XBpzG2XYjgMCJCRwb2gRKvR+XIm6Dlhs04N/K2kU+iH8bvrqNpM8fS/BFl0uw==}

  '@cspell/dict-scala@5.0.7':
    resolution: {integrity: sha512-yatpSDW/GwulzO3t7hB5peoWwzo+Y3qTc0pO24Jf6f88jsEeKmDeKkfgPbYuCgbE4jisGR4vs4+jfQZDIYmXPA==}

  '@cspell/dict-shell@1.1.0':
    resolution: {integrity: sha512-D/xHXX7T37BJxNRf5JJHsvziFDvh23IF/KvkZXNSh8VqcRdod3BAz9VGHZf6VDqcZXr1VRqIYR3mQ8DSvs3AVQ==}

  '@cspell/dict-software-terms@5.0.8':
    resolution: {integrity: sha512-VsJesitvaHZpMgNwHHms3yDsZz7LNToC2HuSAnyt1znn37ribiJF1ty0jWhVQO6fv7K4PM1KsKTJIwqBwc446g==}

  '@cspell/dict-sql@2.2.0':
    resolution: {integrity: sha512-MUop+d1AHSzXpBvQgQkCiok8Ejzb+nrzyG16E8TvKL2MQeDwnIvMe3bv90eukP6E1HWb+V/MA/4pnq0pcJWKqQ==}

  '@cspell/dict-svelte@1.0.6':
    resolution: {integrity: sha512-8LAJHSBdwHCoKCSy72PXXzz7ulGROD0rP1CQ0StOqXOOlTUeSFaJJlxNYjlONgd2c62XBQiN2wgLhtPN+1Zv7Q==}

  '@cspell/dict-swift@2.0.5':
    resolution: {integrity: sha512-3lGzDCwUmnrfckv3Q4eVSW3sK3cHqqHlPprFJZD4nAqt23ot7fic5ALR7J4joHpvDz36nHX34TgcbZNNZOC/JA==}

  '@cspell/dict-terraform@1.1.1':
    resolution: {integrity: sha512-07KFDwCU7EnKl4hOZLsLKlj6Zceq/IsQ3LRWUyIjvGFfZHdoGtFdCp3ZPVgnFaAcd/DKv+WVkrOzUBSYqHopQQ==}

  '@cspell/dict-typescript@3.2.1':
    resolution: {integrity: sha512-jdnKg4rBl75GUBTsUD6nTJl7FGvaIt5wWcWP7TZSC3rV1LfkwvbUiY3PiGpfJlAIdnLYSeFWIpYU9gyVgz206w==}

  '@cspell/dict-vue@3.0.4':
    resolution: {integrity: sha512-0dPtI0lwHcAgSiQFx8CzvqjdoXROcH+1LyqgROCpBgppommWpVhbQ0eubnKotFEXgpUCONVkeZJ6Ql8NbTEu+w==}

  '@cspell/dynamic-import@9.0.1':
    resolution: {integrity: sha512-BoWzHwkufo90ubMZUN8Jy4HQYYWFW7psVCdG/4RUgfvVnazkPfLxWBbsPQsLrlIP0utaqei7D9FU0K7r7mpl4A==}
    engines: {node: '>=20'}

  '@cspell/filetypes@9.0.1':
    resolution: {integrity: sha512-swZu3ra2AueyjEz/bPsvwFuHGYhjWZBx1K9FSvZA/yDIX5RVr6orQSuf9zvXNFui6Nyk0tudLnn3y9jT0LHk8A==}
    engines: {node: '>=20'}

  '@cspell/strong-weak-map@9.0.1':
    resolution: {integrity: sha512-u87PWr1xACqs/F3HibZ4Eb0Za/ghWIa6WLvEKV9OaiLfEUQuczbrXPVgHmGr83H0XXWUKy8FvVbWGFmXwiw+gQ==}
    engines: {node: '>=20'}

  '@cspell/url@9.0.1':
    resolution: {integrity: sha512-8xaLrsQ742dmwXwS6tjreps3NpSQe6WEZFPQQT2DprVJXGZnfQR8ob0c+kPhD0hu9A6PwShJsRsfh3DQGKCqAw==}
    engines: {node: '>=20'}

  '@module-federation/error-codes@0.13.1':
    resolution: {integrity: sha512-azgGDBnFRfqlivHOl96ZjlFUFlukESz2Rnnz/pINiSqoBBNjUE0fcAZP4X6jgrVITuEg90YkruZa7pW9I3m7Uw==}

  '@module-federation/runtime-core@0.13.1':
    resolution: {integrity: sha512-TfyKfkSAentKeuvSsAItk8s5tqQSMfIRTPN2e1aoaq/kFhE+7blps719csyWSX5Lg5Es7WXKMsXHy40UgtBtuw==}

  '@module-federation/runtime-tools@0.13.1':
    resolution: {integrity: sha512-GEF1pxqLc80osIMZmE8j9UKZSaTm2hX2lql8tgIH/O9yK4wnF06k6LL5Ah+wJt+oJv6Dj55ri/MoxMP4SXoPNA==}

  '@module-federation/runtime@0.13.1':
    resolution: {integrity: sha512-ZHnYvBquDm49LiHfv6fgagMo/cVJneijNJzfPh6S0CJrPS2Tay1bnTXzy8VA5sdIrESagYPaskKMGIj7YfnPug==}

  '@module-federation/sdk@0.13.1':
    resolution: {integrity: sha512-bmf2FGQ0ymZuxYnw9bIUfhV3y6zDhaqgydEjbl4msObKMLGXZqhse2pTIIxBFpIxR1oONKX/y2FAolDCTlWKiw==}

  '@module-federation/webpack-bundler-runtime@0.13.1':
    resolution: {integrity: sha512-QSuSIGa09S8mthbB1L6xERqrz+AzPlHR6D7RwAzssAc+IHf40U6NiTLPzUqp9mmKDhC5Tm0EISU0ZHNeJpnpBQ==}

  '@rsbuild/core@1.3.18':
    resolution: {integrity: sha512-ocnz3pVapMTeuoP3zZ1shYcxnAQtRf6RzLl8n7acNi8Hu+ku6SiDGR65foclwcubWF6e9nZPohH94rXnmEVfrw==}
    engines: {node: '>=16.10.0'}
    hasBin: true

  '@rsbuild/plugin-react@1.3.1':
    resolution: {integrity: sha512-1PfE0CZDwiSIUFaMFOEprwsHK6oo29zU6DdtFH2D49uLcpUdOUvU1u2p00RCVO1CIgnAjRajLS7dnPdQUwFOuQ==}
    peerDependencies:
      '@rsbuild/core': 1.x

  '@rspack/binding-darwin-arm64@1.3.9':
    resolution: {integrity: sha512-lfTmsbUGab9Ak/X6aPLacHLe4MBRra+sLmhoNK8OKEN3qQCjDcomwW5OlmBRV5bcUYWdbK8vgDk2HUUXRuibVg==}
    cpu: [arm64]
    os: [darwin]

  '@rspack/binding-darwin-x64@1.3.9':
    resolution: {integrity: sha512-rYuOUINhnhLDbG5LHHKurRSuKIsw0LKUHcd6AAsFmijo4RMnGBJ4NOI4tOLAQvkoSTQ+HU5wiTGSQOgHVhYreQ==}
    cpu: [x64]
    os: [darwin]

  '@rspack/binding-linux-arm64-gnu@1.3.9':
    resolution: {integrity: sha512-pBKnS2Fbn9cDtWe1KcD1qRjQlJwQhP9pFW2KpxdjE7qXbaO11IHtem6dLZwdpNqbDn9QgyfdVGXBDvBaP1tGwA==}
    cpu: [arm64]
    os: [linux]

  '@rspack/binding-linux-arm64-musl@1.3.9':
    resolution: {integrity: sha512-0B+iiINW0qOEkBE9exsRcdmcHtYIWAoJGnXrz9tUiiewRxX0Cmm0MjD2HAVUAggJZo+9IN8RGz5PopCjJ/dn1g==}
    cpu: [arm64]
    os: [linux]

  '@rspack/binding-linux-x64-gnu@1.3.9':
    resolution: {integrity: sha512-82izGJw/qxJ4xaHJy/A4MF7aTRT9tE6VlWoWM4rJmqRszfujN/w54xJRie9jkt041TPvJWGNpYD4Hjpt0/n/oA==}
    cpu: [x64]
    os: [linux]

  '@rspack/binding-linux-x64-musl@1.3.9':
    resolution: {integrity: sha512-V9nDg63iPI6Z7kM11UPV5kBdOdLXPIu3IgI2ObON5Rd4KEZr7RLo/Q4HKzj0IH27Zwl5qeBJdx69zZdu66eOqg==}
    cpu: [x64]
    os: [linux]

  '@rspack/binding-win32-arm64-msvc@1.3.9':
    resolution: {integrity: sha512-owWCJTezFkiBOSRzH+eOTN15H5QYyThHE5crZ0I30UmpoSEchcPSCvddliA0W62ZJIOgG4IUSNamKBiiTwdjLQ==}
    cpu: [arm64]
    os: [win32]

  '@rspack/binding-win32-ia32-msvc@1.3.9':
    resolution: {integrity: sha512-YUuNA8lkGSXJ07fOjkX+yuWrWcsU5x5uGFuAYsglw+rDTWCS6m9HSwQjbCp7HUp81qPszjSk+Ore5XVh07FKeQ==}
    cpu: [ia32]
    os: [win32]

  '@rspack/binding-win32-x64-msvc@1.3.9':
    resolution: {integrity: sha512-E0gtYBVt5vRj0zBeplEf8wsVDPDQ6XBdRiFVUgmgwYUYYkXaalaIvbD1ioB8cA05vfz8HrPGXcMrgletUP4ojA==}
    cpu: [x64]
    os: [win32]

  '@rspack/binding@1.3.9':
    resolution: {integrity: sha512-3FFen1/0F2aP5uuCm8vPaJOrzM3karCPNMsc5gLCGfEy2rsK38Qinf9W4p1bw7+FhjOTzoSdkX+LFHeMDVxJhw==}

  '@rspack/core@1.3.9':
    resolution: {integrity: sha512-u7usd9srCBPBfNJCSvsfh14AOPq6LCVna0Vb/aA2nyJTawHqzfAMz1QRb/e27nP3NrV6RPiwx03W494Dd6r6wg==}
    engines: {node: '>=16.0.0'}
    peerDependencies:
      '@swc/helpers': '>=0.5.1'
    peerDependenciesMeta:
      '@swc/helpers':
        optional: true

  '@rspack/lite-tapable@1.0.1':
    resolution: {integrity: sha512-VynGOEsVw2s8TAlLf/uESfrgfrq2+rcXB1muPJYBWbsm1Oa6r5qVQhjA5ggM6z/coYPrsVMgovl3Ff7Q7OCp1w==}
    engines: {node: '>=16.0.0'}

  '@rspack/plugin-react-refresh@1.4.2':
    resolution: {integrity: sha512-SZetmR5PdWbBal9ln4U0MAWaZyAsZlZ2u+EGkZcVtKklW7Bil77QQs00cwS303JsXWnxyeTHDAAf0fzaWbltgQ==}
    peerDependencies:
      react-refresh: '>=0.10.0 <1.0.0'
      webpack-hot-middleware: 2.x
    peerDependenciesMeta:
      webpack-hot-middleware:
        optional: true

  '@swc/helpers@0.5.17':
    resolution: {integrity: sha512-5IKx/Y13RsYd+sauPb2x+U/xZikHjolzfuDgTAl/Tdf3Q8rslRvC19NKDLgAJQ6wsqADk10ntlv08nPFw/gO/A==}

  '@types/react-dom@19.1.3':
    resolution: {integrity: sha512-rJXC08OG0h3W6wDMFxQrZF00Kq6qQvw0djHRdzl3U5DnIERz0MRce3WVc7IS6JYBwtaP/DwYtRRjVlvivNveKg==}
    peerDependencies:
      '@types/react': ^19.0.0

  '@types/react@19.1.3':
    resolution: {integrity: sha512-dLWQ+Z0CkIvK1J8+wrDPwGxEYFA4RAyHoZPxHVGspYmFVnwGSNT24cGIhFJrtfRnWVuW8X7NO52gCXmhkVUWGQ==}

  array-timsort@1.0.3:
    resolution: {integrity: sha512-/+3GRL7dDAGEfM6TseQk/U+mi18TU2Ms9I3UlLdUMhz2hbvGNTKdj9xniwXfUqgYhHxRx0+8UnKkvlNwVU+cWQ==}

  callsites@3.1.0:
    resolution: {integrity: sha512-P8BjAsXvZS+VIDUI11hHCQEv74YT67YUi5JJFNWIqL235sBmjX4+qx9Muvls5ivyNENctx46xQLQ3aTuE7ssaQ==}
    engines: {node: '>=6'}

  caniuse-lite@1.0.30001717:
    resolution: {integrity: sha512-auPpttCq6BDEG8ZAuHJIplGw6GODhjw+/11e7IjpnYCxZcW/ONgPs0KVBJ0d1bY3e2+7PRe5RCLyP+PfwVgkYw==}

  chalk-template@1.1.0:
    resolution: {integrity: sha512-T2VJbcDuZQ0Tb2EWwSotMPJjgpy1/tGee1BTpUNsGZ/qgNjV2t7Mvu+d4600U564nbLesN1x2dPL+xii174Ekg==}
    engines: {node: '>=14.16'}

  chalk@5.4.1:
    resolution: {integrity: sha512-zgVZuo2WcZgfUEmsn6eO3kINexW8RAE4maiQ8QNs8CtpPCSyMiYsULR3HQYkm3w8FIA3SberyMJMSldGsW+U3w==}
    engines: {node: ^12.17.0 || ^14.13 || >=16.0.0}

  clear-module@4.1.2:
    resolution: {integrity: sha512-LWAxzHqdHsAZlPlEyJ2Poz6AIs384mPeqLVCru2p0BrP9G/kVGuhNyZYClLO6cXlnuJjzC8xtsJIuMjKqLXoAw==}
    engines: {node: '>=8'}

  commander@13.1.0:
    resolution: {integrity: sha512-/rFeCpNJQbhSZjGVwO9RFV3xPqbnERS8MmIQzCtD/zl6gpJuV/bMLuN92oG3F7d8oDEHHRrujSXNUr8fpjntKw==}
    engines: {node: '>=18'}

  comment-json@4.2.5:
    resolution: {integrity: sha512-bKw/r35jR3HGt5PEPm1ljsQQGyCrR8sFGNiN5L+ykDHdpO8Smxkrkla9Yi6NkQyUrb8V54PGhfMs6NrIwtxtdw==}
    engines: {node: '>= 6'}

  core-js@3.42.0:
    resolution: {integrity: sha512-Sz4PP4ZA+Rq4II21qkNqOEDTDrCvcANId3xpIgB34NDkWc3UduWj2dqEtN9yZIq8Dk3HyPI33x9sqqU5C8sr0g==}

  core-util-is@1.0.3:
    resolution: {integrity: sha512-ZQBvi1DcpJ4GDqanjucZ2Hj3wEO5pZDS89BWbkcrvdxksJorwUDDZamX9ldFkp9aw2lmBDLgkObEA4DWNJ9FYQ==}

  cspell-config-lib@9.0.1:
    resolution: {integrity: sha512-hbeyU6cY4NPKh69L4QpBZgGz00f7rLk10xPlCo6MxEmCqSOTuXXvDEUR51d2ED69G+GyFAeZi5VU9IdJ4jhvzQ==}
    engines: {node: '>=20'}

  cspell-dictionary@9.0.1:
    resolution: {integrity: sha512-I9gjRpfV4djxN0i2p9OzWIrkjtUaGUyVE9atvRbkHUMeqDUhC2Qt0Mb9tnF8I7qnHeZt+U44vUa9Dg7yrJ+k4Q==}
    engines: {node: '>=20'}

  cspell-gitignore@9.0.1:
    resolution: {integrity: sha512-xjgOmeGbHEaeF0erRQ2QXwqxWqGDiI4mu+NjCL7ZHPoAM5y8PEO6IbxVNabIB1xC4QAborbtEQ/8ydDWLJcPoQ==}
    engines: {node: '>=20'}
    hasBin: true

  cspell-glob@9.0.1:
    resolution: {integrity: sha512-dQU/ln6J9Qe31zk1cLJnq/WNAjRrTUig1GG8WA2oK1jHZKY9VbyJLb5DUFnDUx35cI0jdOEnGSCWi8qNjHSc1Q==}
    engines: {node: '>=20'}

  cspell-grammar@9.0.1:
    resolution: {integrity: sha512-FZ1z1p3pslfotZT/W/VRZjB4S+z0ETrTbNmQ5pGmhdY0nm7Slmg+8nIJluLEjBneBGTJIOcLjYykwS2vI6jzxw==}
    engines: {node: '>=20'}
    hasBin: true

  cspell-io@9.0.1:
    resolution: {integrity: sha512-L5fZY0glVeQb6nmt1WL1wKzZzoHJUkBQ9BGCrwqSXIrjZrYmBNSKixCjo6o9n2keRUwpNjsvZj1TQDKDV+FsXA==}
    engines: {node: '>=20'}

  cspell-lib@9.0.1:
    resolution: {integrity: sha512-F4vJG6GmAGVAuhgcepO12UtG7yev7Rcfa31MLIyYNTrd5NeORzM+GTHnL970FlEflwYPYjcSTGwkyowQ+ZbmDg==}
    engines: {node: '>=20'}

  cspell-trie-lib@9.0.1:
    resolution: {integrity: sha512-gIupiHwLdsQun79biJgiqmXffKUGzFjGLFEeVptI2Zy5Oa3XhRJsHap4PyeleErONkpzxMG1tgpOWzhOqwl65Q==}
    engines: {node: '>=20'}

  cspell@9.0.1:
    resolution: {integrity: sha512-AJqsX+3eSTz9GmIuyEZUzCCTbvCPw6+Nv7UYa4PCn7vNV3XEb5LHTp5i9y2i65fNaeNEcQXLrLYoY/JcBFmUSQ==}
    engines: {node: '>=20'}
    hasBin: true

  csstype@3.1.3:
    resolution: {integrity: sha512-M1uQkMl8rQK/szD0LNhtqxIPLpimGm8sOBwU7lLnCpSbTyY3yeU1Vc7l4KT5zT4s/yOxHH5O7tIuuLOCnLADRw==}

  env-paths@3.0.0:
    resolution: {integrity: sha512-dtJUTepzMW3Lm/NPxRf3wP4642UWhjL2sQxc+ym2YMj1m/H2zDNQOlezafzkHwn6sMstjHTwG6iQQsctDW/b1A==}
    engines: {node: ^12.20.0 || ^14.13.1 || >=16.0.0}

  error-stack-parser@2.1.4:
    resolution: {integrity: sha512-Sk5V6wVazPhq5MhpO+AUxJn5x7XSXGl1R93Vn7i+zS15KDVxQijejNCrz8340/2bgLBjR9GtEG8ZVKONDjcqGQ==}

  esprima@4.0.1:
    resolution: {integrity: sha512-eGuFFw7Upda+g4p+QHvnW0RyTX/SVeJBDM/gCtMARO0cLuT2HcEKnTPvhjV6aGeqrCB/sbNop0Kszm0jsaWU4A==}
    engines: {node: '>=4'}
    hasBin: true

  fast-equals@5.2.2:
    resolution: {integrity: sha512-V7/RktU11J3I36Nwq2JnZEM7tNm17eBJz+u25qdxBZeCKiX6BkVSZQjwWIr+IobgnZy+ag73tTZgZi7tr0LrBw==}
    engines: {node: '>=6.0.0'}

  fast-json-stable-stringify@2.1.0:
    resolution: {integrity: sha512-lhd/wF+Lk98HZoTCtlVraHtfh5XYijIjalXck7saUtuanSDyLMxnHhSXEDJqHxD7msR8D0uCmqlkwjCV8xvwHw==}

  fdir@6.4.4:
    resolution: {integrity: sha512-1NZP+GK4GfuAv3PqKvxQRDMjdSRZjnkq7KfhlNrCNNlZ0ygQFpebfrnfnq/W7fpUnAv9aGWmY1zKx7FYL3gwhg==}
    peerDependencies:
      picomatch: ^3 || ^4
    peerDependenciesMeta:
      picomatch:
        optional: true

  file-entry-cache@9.1.0:
    resolution: {integrity: sha512-/pqPFG+FdxWQj+/WSuzXSDaNzxgTLr/OrR1QuqfEZzDakpdYE70PwUxL7BPUa8hpjbvY1+qvCl8k+8Tq34xJgg==}
    engines: {node: '>=18'}

  flat-cache@5.0.0:
    resolution: {integrity: sha512-JrqFmyUl2PnPi1OvLyTVHnQvwQ0S+e6lGSwu8OkAZlSaNIZciTY2H/cOOROxsBA1m/LZNHDsqAgDZt6akWcjsQ==}
    engines: {node: '>=18'}

  flatted@3.3.3:
    resolution: {integrity: sha512-GX+ysw4PBCz0PzosHDepZGANEuFCMLrnRTiEy9McGjmkCQYwRq4A/X786G/fjM/+OjsWSU1ZrY5qyARZmO/uwg==}

  gensequence@7.0.0:
    resolution: {integrity: sha512-47Frx13aZh01afHJTB3zTtKIlFI6vWY+MYCN9Qpew6i52rfKjnhCF/l1YlC8UmEMvvntZZ6z4PiCcmyuedR2aQ==}
    engines: {node: '>=18'}

  global-directory@4.0.1:
    resolution: {integrity: sha512-wHTUcDUoZ1H5/0iVqEudYW4/kAlN5cZ3j/bXn0Dpbizl9iaUVeWSHqiOjsgk6OW2bkLclbBjzewBz6weQ1zA2Q==}
    engines: {node: '>=18'}

  has-own-prop@2.0.0:
    resolution: {integrity: sha512-Pq0h+hvsVm6dDEa8x82GnLSYHOzNDt7f0ddFa3FqcQlgzEiptPqL+XrOJNavjOzSYiYWIrgeVYYgGlLmnxwilQ==}
    engines: {node: '>=8'}

  html-entities@2.6.0:
    resolution: {integrity: sha512-kig+rMn/QOVRvr7c86gQ8lWXq+Hkv6CbAH1hLu+RG338StTpE8Z0b44SDVaqVu7HGKf27frdmUYEs9hTUX/cLQ==}

  import-fresh@3.3.1:
    resolution: {integrity: sha512-TR3KfrTZTYLPB6jUjfx6MF9WcWrHL9su5TObK4ZkYgBdWKPOFoSoQIdEuTuR82pmtxH2spWG9h6etwfr1pLBqQ==}
    engines: {node: '>=6'}

  import-meta-resolve@4.1.0:
    resolution: {integrity: sha512-I6fiaX09Xivtk+THaMfAwnA3MVA5Big1WHF1Dfx9hFuvNIWpXnorlkzhcQf6ehrqQiiZECRt1poOAkPmer3ruw==}

  ini@4.1.1:
    resolution: {integrity: sha512-QQnnxNyfvmHFIsj7gkPcYymR8Jdw/o7mp5ZFihxn6h8Ci6fh3Dx4E1gPjpQEpIuPo9XVNY/ZUwh4BPMjGyL01g==}
    engines: {node: ^14.17.0 || ^16.13.0 || >=18.0.0}

  jiti@2.4.2:
    resolution: {integrity: sha512-rg9zJN+G4n2nfJl5MW3BMygZX56zKPNVEYYqq7adpmMh4Jn2QNEwhvQlFy6jPVdcod7txZtKHWnyZiA3a0zP7A==}
    hasBin: true

  json-buffer@3.0.1:
    resolution: {integrity: sha512-4bV5BfR2mqfQTJm+V5tPPdf+ZpuhiIvTuAB5g8kcrXOZpTT/QwwVRWBywX1ozr6lEuPdbHxwaJlm9G6mI2sfSQ==}

  keyv@4.5.4:
    resolution: {integrity: sha512-oxVHkHR/EJf2CNXnWxRLW6mg7JyCCUcG0DtEGmL2ctUo1PNTin1PUil+r/+4r5MpVgC/fn1kjsx7mjSujKqIpw==}

  parent-module@1.0.1:
    resolution: {integrity: sha512-GQ2EWRpQV8/o+Aw8YqtfZZPfNRWZYkbidE9k5rpl/hC3vtHHBfGm2Ifi6qWV+coDGkrUKZAxE3Lot5kcsRlh+g==}
    engines: {node: '>=6'}

  parent-module@2.0.0:
    resolution: {integrity: sha512-uo0Z9JJeWzv8BG+tRcapBKNJ0dro9cLyczGzulS6EfeyAdeC9sbojtW6XwvYxJkEne9En+J2XEl4zyglVeIwFg==}
    engines: {node: '>=8'}

  picomatch@4.0.2:
    resolution: {integrity: sha512-M7BAV6Rlcy5u+m6oPhAPFgJTzAioX/6B0DxyvDlo9l8+T3nLKbrczg2WLUyzd45L8RqfUMyGPzekbMvX2Ldkwg==}
    engines: {node: '>=12'}

  react-dom@19.1.0:
    resolution: {integrity: sha512-Xs1hdnE+DyKgeHJeJznQmYMIBG3TKIHJJT95Q58nHLSrElKlGQqDTR2HQ9fx5CN/Gk6Vh/kupBTDLU11/nDk/g==}
    peerDependencies:
      react: ^19.1.0

  react-refresh@0.17.0:
    resolution: {integrity: sha512-z6F7K9bV85EfseRCp2bzrpyQ0Gkw1uLoCel9XBVWPg/TjRj94SkJzUTGfOa4bs7iJvBWtQG0Wq7wnI0syw3EBQ==}
    engines: {node: '>=0.10.0'}

  react@19.1.0:
    resolution: {integrity: sha512-FS+XFBNvn3GTAWq26joslQgWNoFu08F4kl0J4CgdNKADkdSGXQyTCnKteIAJy96Br6YbpEU1LSzV5dYtjMkMDg==}
    engines: {node: '>=0.10.0'}

  repeat-string@1.6.1:
    resolution: {integrity: sha512-PV0dzCYDNfRi1jCDbJzpW7jNNDRuCOG/jI5ctQcGKt/clZD+YcPS3yIlWuTJMmESC8aevCFmWJy5wjAFgNqN6w==}
    engines: {node: '>=0.10'}

  resolve-from@4.0.0:
    resolution: {integrity: sha512-pb/MYmXstAkysRFx8piNI1tGFNQIFA3vkE3Gq4EuA1dF6gHp/+vgZqsCGJapvy8N3Q+4o7FwvquPJcnZ7RYy4g==}
    engines: {node: '>=4'}

  resolve-from@5.0.0:
    resolution: {integrity: sha512-qYg9KP24dD5qka9J47d0aVky0N+b4fTU89LN9iDnjB5waksiC49rvMB0PrUJQGoTmH50XPiqOvAjDfaijGxYZw==}
    engines: {node: '>=8'}

  scheduler@0.26.0:
    resolution: {integrity: sha512-NlHwttCI/l5gCPR3D1nNXtWABUmBwvZpEQiD4IXSbIDq8BzLIK/7Ir5gTFSGZDUu37K5cMNp0hFtzO38sC7gWA==}

  semver@7.7.1:
    resolution: {integrity: sha512-hlq8tAfn0m/61p4BVRcPzIGr6LKiMwo4VM6dGi6pt4qcRkmNzTcWq6eCEjEh+qXjkMDvPlOFFSGwQjoEa6gyMA==}
    engines: {node: '>=10'}
    hasBin: true

  stackframe@1.3.4:
    resolution: {integrity: sha512-oeVtt7eWQS+Na6F//S4kJ2K2VbRlS9D43mAlMyVpVWovy9o+jfgH8O9agzANzaiLjclA0oYzUXEM4PurhSUChw==}

  tinyglobby@0.2.13:
    resolution: {integrity: sha512-mEwzpUgrLySlveBwEVDMKk5B57bhLPYovRfPAXD5gA/98Opn0rCDj3GtLwFvCvH5RK9uPCExUROW5NjDwvqkxw==}
    engines: {node: '>=12.0.0'}

  tslib@2.8.1:
    resolution: {integrity: sha512-oJFu94HQb+KVduSUQL7wnpmqnfmLsOA/nAh6b6EH0wCEoK0/mPeXU6c3wKDV83MkOuHPRHtSXKKU99IBazS/2w==}

  typescript@5.8.3:
    resolution: {integrity: sha512-p1diW6TqL9L07nNxvRMM7hMMw4c5XOo/1ibL4aAIGmSAt9slTE1Xgw5KWuof2uTOvCg9BY7ZRi+GaF+7sfgPeQ==}
    engines: {node: '>=14.17'}
    hasBin: true

  vscode-languageserver-textdocument@1.0.12:
    resolution: {integrity: sha512-cxWNPesCnQCcMPeenjKKsOCKQZ/L6Tv19DTRIGuLWe32lyzWhihGVJ/rcckZXJxfdKCFvRLS3fpBIsV/ZGX4zA==}

  vscode-uri@3.1.0:
    resolution: {integrity: sha512-/BpdSx+yCQGnCvecbyXdxHDkuk55/G3xwnC0GqY4gmQ3j+A+g8kzzgB4Nk/SINjqn6+waqw3EgbVF2QKExkRxQ==}

  xdg-basedir@5.1.0:
    resolution: {integrity: sha512-GCPAHLvrIH13+c0SuacwvRYj2SxJXQ4kaVTT5xgL3kPrz56XxkF21IGhjSE1+W0aw7gpBWRGXLCPnPby6lSpmQ==}
    engines: {node: '>=12'}

  yaml@2.7.1:
    resolution: {integrity: sha512-10ULxpnOCQXxJvBgxsn9ptjq6uviG/htZKk9veJGhlqn3w/DxQ631zFF+nlQXLwmImeS5amR2dl2U8sg6U9jsQ==}
    engines: {node: '>= 14'}
    hasBin: true

snapshots:

  '@biomejs/biome@1.9.4':
    optionalDependencies:
      '@biomejs/cli-darwin-arm64': 1.9.4
      '@biomejs/cli-darwin-x64': 1.9.4
      '@biomejs/cli-linux-arm64': 1.9.4
      '@biomejs/cli-linux-arm64-musl': 1.9.4
      '@biomejs/cli-linux-x64': 1.9.4
      '@biomejs/cli-linux-x64-musl': 1.9.4
      '@biomejs/cli-win32-arm64': 1.9.4
      '@biomejs/cli-win32-x64': 1.9.4

  '@biomejs/cli-darwin-arm64@1.9.4':
    optional: true

  '@biomejs/cli-darwin-x64@1.9.4':
    optional: true

  '@biomejs/cli-linux-arm64-musl@1.9.4':
    optional: true

  '@biomejs/cli-linux-arm64@1.9.4':
    optional: true

  '@biomejs/cli-linux-x64-musl@1.9.4':
    optional: true

  '@biomejs/cli-linux-x64@1.9.4':
    optional: true

  '@biomejs/cli-win32-arm64@1.9.4':
    optional: true

  '@biomejs/cli-win32-x64@1.9.4':
    optional: true

  '@cspell/cspell-bundled-dicts@9.0.1':
    dependencies:
      '@cspell/dict-ada': 4.1.0
      '@cspell/dict-al': 1.1.0
      '@cspell/dict-aws': 4.0.10
      '@cspell/dict-bash': 4.2.0
      '@cspell/dict-companies': 3.2.1
      '@cspell/dict-cpp': 6.0.8
      '@cspell/dict-cryptocurrencies': 5.0.4
      '@cspell/dict-csharp': 4.0.6
      '@cspell/dict-css': 4.0.17
      '@cspell/dict-dart': 2.3.0
      '@cspell/dict-data-science': 2.0.8
      '@cspell/dict-django': 4.1.4
      '@cspell/dict-docker': 1.1.14
      '@cspell/dict-dotnet': 5.0.9
      '@cspell/dict-elixir': 4.0.7
      '@cspell/dict-en-common-misspellings': 2.0.11
      '@cspell/dict-en-gb-mit': 3.0.6
      '@cspell/dict-en_us': 4.4.8
      '@cspell/dict-filetypes': 3.0.12
      '@cspell/dict-flutter': 1.1.0
      '@cspell/dict-fonts': 4.0.4
      '@cspell/dict-fsharp': 1.1.0
      '@cspell/dict-fullstack': 3.2.6
      '@cspell/dict-gaming-terms': 1.1.1
      '@cspell/dict-git': 3.0.4
      '@cspell/dict-golang': 6.0.21
      '@cspell/dict-google': 1.0.8
      '@cspell/dict-haskell': 4.0.5
      '@cspell/dict-html': 4.0.11
      '@cspell/dict-html-symbol-entities': 4.0.3
      '@cspell/dict-java': 5.0.11
      '@cspell/dict-julia': 1.1.0
      '@cspell/dict-k8s': 1.0.10
      '@cspell/dict-kotlin': 1.1.0
      '@cspell/dict-latex': 4.0.3
      '@cspell/dict-lorem-ipsum': 4.0.4
      '@cspell/dict-lua': 4.0.7
      '@cspell/dict-makefile': 1.0.4
      '@cspell/dict-markdown': 2.0.10(@cspell/dict-css@4.0.17)(@cspell/dict-html-symbol-entities@4.0.3)(@cspell/dict-html@4.0.11)(@cspell/dict-typescript@3.2.1)
      '@cspell/dict-monkeyc': 1.0.10
      '@cspell/dict-node': 5.0.7
      '@cspell/dict-npm': 5.2.3
      '@cspell/dict-php': 4.0.14
      '@cspell/dict-powershell': 5.0.14
      '@cspell/dict-public-licenses': 2.0.13
      '@cspell/dict-python': 4.2.18
      '@cspell/dict-r': 2.1.0
      '@cspell/dict-ruby': 5.0.8
      '@cspell/dict-rust': 4.0.11
      '@cspell/dict-scala': 5.0.7
      '@cspell/dict-shell': 1.1.0
      '@cspell/dict-software-terms': 5.0.8
      '@cspell/dict-sql': 2.2.0
      '@cspell/dict-svelte': 1.0.6
      '@cspell/dict-swift': 2.0.5
      '@cspell/dict-terraform': 1.1.1
      '@cspell/dict-typescript': 3.2.1
      '@cspell/dict-vue': 3.0.4

  '@cspell/cspell-json-reporter@9.0.1':
    dependencies:
      '@cspell/cspell-types': 9.0.1

  '@cspell/cspell-pipe@9.0.1': {}

  '@cspell/cspell-resolver@9.0.1':
    dependencies:
      global-directory: 4.0.1

  '@cspell/cspell-service-bus@9.0.1': {}

  '@cspell/cspell-types@9.0.1': {}

  '@cspell/dict-ada@4.1.0': {}

  '@cspell/dict-al@1.1.0': {}

  '@cspell/dict-aws@4.0.10': {}

  '@cspell/dict-bash@4.2.0':
    dependencies:
      '@cspell/dict-shell': 1.1.0

  '@cspell/dict-companies@3.2.1': {}

  '@cspell/dict-cpp@6.0.8': {}

  '@cspell/dict-cryptocurrencies@5.0.4': {}

  '@cspell/dict-csharp@4.0.6': {}

  '@cspell/dict-css@4.0.17': {}

  '@cspell/dict-dart@2.3.0': {}

  '@cspell/dict-data-science@2.0.8': {}

  '@cspell/dict-django@4.1.4': {}

  '@cspell/dict-docker@1.1.14': {}

  '@cspell/dict-dotnet@5.0.9': {}

  '@cspell/dict-elixir@4.0.7': {}

  '@cspell/dict-en-common-misspellings@2.0.11': {}

  '@cspell/dict-en-gb-mit@3.0.6': {}

  '@cspell/dict-en_us@4.4.8': {}

  '@cspell/dict-filetypes@3.0.12': {}

  '@cspell/dict-flutter@1.1.0': {}

  '@cspell/dict-fonts@4.0.4': {}

  '@cspell/dict-fsharp@1.1.0': {}

  '@cspell/dict-fullstack@3.2.6': {}

  '@cspell/dict-gaming-terms@1.1.1': {}

  '@cspell/dict-git@3.0.4': {}

  '@cspell/dict-golang@6.0.21': {}

  '@cspell/dict-google@1.0.8': {}

  '@cspell/dict-haskell@4.0.5': {}

  '@cspell/dict-html-symbol-entities@4.0.3': {}

  '@cspell/dict-html@4.0.11': {}

  '@cspell/dict-java@5.0.11': {}

  '@cspell/dict-julia@1.1.0': {}

  '@cspell/dict-k8s@1.0.10': {}

  '@cspell/dict-kotlin@1.1.0': {}

  '@cspell/dict-latex@4.0.3': {}

  '@cspell/dict-lorem-ipsum@4.0.4': {}

  '@cspell/dict-lua@4.0.7': {}

  '@cspell/dict-makefile@1.0.4': {}

  '@cspell/dict-markdown@2.0.10(@cspell/dict-css@4.0.17)(@cspell/dict-html-symbol-entities@4.0.3)(@cspell/dict-html@4.0.11)(@cspell/dict-typescript@3.2.1)':
    dependencies:
      '@cspell/dict-css': 4.0.17
      '@cspell/dict-html': 4.0.11
      '@cspell/dict-html-symbol-entities': 4.0.3
      '@cspell/dict-typescript': 3.2.1

  '@cspell/dict-monkeyc@1.0.10': {}

  '@cspell/dict-node@5.0.7': {}

  '@cspell/dict-npm@5.2.3': {}

  '@cspell/dict-php@4.0.14': {}

  '@cspell/dict-powershell@5.0.14': {}

  '@cspell/dict-public-licenses@2.0.13': {}

  '@cspell/dict-python@4.2.18':
    dependencies:
      '@cspell/dict-data-science': 2.0.8

  '@cspell/dict-r@2.1.0': {}

  '@cspell/dict-ruby@5.0.8': {}

  '@cspell/dict-rust@4.0.11': {}

  '@cspell/dict-scala@5.0.7': {}

  '@cspell/dict-shell@1.1.0': {}

  '@cspell/dict-software-terms@5.0.8': {}

  '@cspell/dict-sql@2.2.0': {}

  '@cspell/dict-svelte@1.0.6': {}

  '@cspell/dict-swift@2.0.5': {}

  '@cspell/dict-terraform@1.1.1': {}

  '@cspell/dict-typescript@3.2.1': {}

  '@cspell/dict-vue@3.0.4': {}

  '@cspell/dynamic-import@9.0.1':
    dependencies:
      '@cspell/url': 9.0.1
      import-meta-resolve: 4.1.0

  '@cspell/filetypes@9.0.1': {}

  '@cspell/strong-weak-map@9.0.1': {}

  '@cspell/url@9.0.1': {}

  '@module-federation/error-codes@0.13.1': {}

  '@module-federation/runtime-core@0.13.1':
    dependencies:
      '@module-federation/error-codes': 0.13.1
      '@module-federation/sdk': 0.13.1

  '@module-federation/runtime-tools@0.13.1':
    dependencies:
      '@module-federation/runtime': 0.13.1
      '@module-federation/webpack-bundler-runtime': 0.13.1

  '@module-federation/runtime@0.13.1':
    dependencies:
      '@module-federation/error-codes': 0.13.1
      '@module-federation/runtime-core': 0.13.1
      '@module-federation/sdk': 0.13.1

  '@module-federation/sdk@0.13.1': {}

  '@module-federation/webpack-bundler-runtime@0.13.1':
    dependencies:
      '@module-federation/runtime': 0.13.1
      '@module-federation/sdk': 0.13.1

  '@rsbuild/core@1.3.18':
    dependencies:
      '@rspack/core': 1.3.9(@swc/helpers@0.5.17)
      '@rspack/lite-tapable': 1.0.1
      '@swc/helpers': 0.5.17
      core-js: 3.42.0
      jiti: 2.4.2

  '@rsbuild/plugin-react@1.3.1(@rsbuild/core@1.3.18)':
    dependencies:
      '@rsbuild/core': 1.3.18
      '@rspack/plugin-react-refresh': 1.4.2(react-refresh@0.17.0)
      react-refresh: 0.17.0
    transitivePeerDependencies:
      - webpack-hot-middleware

  '@rspack/binding-darwin-arm64@1.3.9':
    optional: true

  '@rspack/binding-darwin-x64@1.3.9':
    optional: true

  '@rspack/binding-linux-arm64-gnu@1.3.9':
    optional: true

  '@rspack/binding-linux-arm64-musl@1.3.9':
    optional: true

  '@rspack/binding-linux-x64-gnu@1.3.9':
    optional: true

  '@rspack/binding-linux-x64-musl@1.3.9':
    optional: true

  '@rspack/binding-win32-arm64-msvc@1.3.9':
    optional: true

  '@rspack/binding-win32-ia32-msvc@1.3.9':
    optional: true

  '@rspack/binding-win32-x64-msvc@1.3.9':
    optional: true

  '@rspack/binding@1.3.9':
    optionalDependencies:
      '@rspack/binding-darwin-arm64': 1.3.9
      '@rspack/binding-darwin-x64': 1.3.9
      '@rspack/binding-linux-arm64-gnu': 1.3.9
      '@rspack/binding-linux-arm64-musl': 1.3.9
      '@rspack/binding-linux-x64-gnu': 1.3.9
      '@rspack/binding-linux-x64-musl': 1.3.9
      '@rspack/binding-win32-arm64-msvc': 1.3.9
      '@rspack/binding-win32-ia32-msvc': 1.3.9
      '@rspack/binding-win32-x64-msvc': 1.3.9

  '@rspack/core@1.3.9(@swc/helpers@0.5.17)':
    dependencies:
      '@module-federation/runtime-tools': 0.13.1
      '@rspack/binding': 1.3.9
      '@rspack/lite-tapable': 1.0.1
      caniuse-lite: 1.0.30001717
    optionalDependencies:
      '@swc/helpers': 0.5.17

  '@rspack/lite-tapable@1.0.1': {}

  '@rspack/plugin-react-refresh@1.4.2(react-refresh@0.17.0)':
    dependencies:
      error-stack-parser: 2.1.4
      html-entities: 2.6.0
      react-refresh: 0.17.0

  '@swc/helpers@0.5.17':
    dependencies:
      tslib: 2.8.1

  '@types/react-dom@19.1.3(@types/react@19.1.3)':
    dependencies:
      '@types/react': 19.1.3

  '@types/react@19.1.3':
    dependencies:
      csstype: 3.1.3

  array-timsort@1.0.3: {}

  callsites@3.1.0: {}

  caniuse-lite@1.0.30001717: {}

  chalk-template@1.1.0:
    dependencies:
      chalk: 5.4.1

  chalk@5.4.1: {}

  clear-module@4.1.2:
    dependencies:
      parent-module: 2.0.0
      resolve-from: 5.0.0

  commander@13.1.0: {}

  comment-json@4.2.5:
    dependencies:
      array-timsort: 1.0.3
      core-util-is: 1.0.3
      esprima: 4.0.1
      has-own-prop: 2.0.0
      repeat-string: 1.6.1

  core-js@3.42.0: {}

  core-util-is@1.0.3: {}

  cspell-config-lib@9.0.1:
    dependencies:
      '@cspell/cspell-types': 9.0.1
      comment-json: 4.2.5
      yaml: 2.7.1

  cspell-dictionary@9.0.1:
    dependencies:
      '@cspell/cspell-pipe': 9.0.1
      '@cspell/cspell-types': 9.0.1
      cspell-trie-lib: 9.0.1
      fast-equals: 5.2.2

  cspell-gitignore@9.0.1:
    dependencies:
      '@cspell/url': 9.0.1
      cspell-glob: 9.0.1
      cspell-io: 9.0.1

  cspell-glob@9.0.1:
    dependencies:
      '@cspell/url': 9.0.1
      picomatch: 4.0.2

  cspell-grammar@9.0.1:
    dependencies:
      '@cspell/cspell-pipe': 9.0.1
      '@cspell/cspell-types': 9.0.1

  cspell-io@9.0.1:
    dependencies:
      '@cspell/cspell-service-bus': 9.0.1
      '@cspell/url': 9.0.1

  cspell-lib@9.0.1:
    dependencies:
      '@cspell/cspell-bundled-dicts': 9.0.1
      '@cspell/cspell-pipe': 9.0.1
      '@cspell/cspell-resolver': 9.0.1
      '@cspell/cspell-types': 9.0.1
      '@cspell/dynamic-import': 9.0.1
      '@cspell/filetypes': 9.0.1
      '@cspell/strong-weak-map': 9.0.1
      '@cspell/url': 9.0.1
      clear-module: 4.1.2
      comment-json: 4.2.5
      cspell-config-lib: 9.0.1
      cspell-dictionary: 9.0.1
      cspell-glob: 9.0.1
      cspell-grammar: 9.0.1
      cspell-io: 9.0.1
      cspell-trie-lib: 9.0.1
      env-paths: 3.0.0
      fast-equals: 5.2.2
      gensequence: 7.0.0
      import-fresh: 3.3.1
      resolve-from: 5.0.0
      vscode-languageserver-textdocument: 1.0.12
      vscode-uri: 3.1.0
      xdg-basedir: 5.1.0

  cspell-trie-lib@9.0.1:
    dependencies:
      '@cspell/cspell-pipe': 9.0.1
      '@cspell/cspell-types': 9.0.1
      gensequence: 7.0.0

  cspell@9.0.1:
    dependencies:
      '@cspell/cspell-json-reporter': 9.0.1
      '@cspell/cspell-pipe': 9.0.1
      '@cspell/cspell-types': 9.0.1
      '@cspell/dynamic-import': 9.0.1
      '@cspell/url': 9.0.1
      chalk: 5.4.1
      chalk-template: 1.1.0
      commander: 13.1.0
      cspell-dictionary: 9.0.1
      cspell-gitignore: 9.0.1
      cspell-glob: 9.0.1
      cspell-io: 9.0.1
      cspell-lib: 9.0.1
      fast-json-stable-stringify: 2.1.0
      file-entry-cache: 9.1.0
      semver: 7.7.1
      tinyglobby: 0.2.13

  csstype@3.1.3: {}

  env-paths@3.0.0: {}

  error-stack-parser@2.1.4:
    dependencies:
      stackframe: 1.3.4

  esprima@4.0.1: {}

  fast-equals@5.2.2: {}

  fast-json-stable-stringify@2.1.0: {}

  fdir@6.4.4(picomatch@4.0.2):
    optionalDependencies:
      picomatch: 4.0.2

  file-entry-cache@9.1.0:
    dependencies:
      flat-cache: 5.0.0

  flat-cache@5.0.0:
    dependencies:
      flatted: 3.3.3
      keyv: 4.5.4

  flatted@3.3.3: {}

  gensequence@7.0.0: {}

  global-directory@4.0.1:
    dependencies:
      ini: 4.1.1

  has-own-prop@2.0.0: {}

  html-entities@2.6.0: {}

  import-fresh@3.3.1:
    dependencies:
      parent-module: 1.0.1
      resolve-from: 4.0.0

  import-meta-resolve@4.1.0: {}

  ini@4.1.1: {}

  jiti@2.4.2: {}

  json-buffer@3.0.1: {}

  keyv@4.5.4:
    dependencies:
      json-buffer: 3.0.1

  parent-module@1.0.1:
    dependencies:
      callsites: 3.1.0

  parent-module@2.0.0:
    dependencies:
      callsites: 3.1.0

  picomatch@4.0.2: {}

  react-dom@19.1.0(react@19.1.0):
    dependencies:
      react: 19.1.0
      scheduler: 0.26.0

  react-refresh@0.17.0: {}

  react@19.1.0: {}

  repeat-string@1.6.1: {}

  resolve-from@4.0.0: {}

  resolve-from@5.0.0: {}

  scheduler@0.26.0: {}

  semver@7.7.1: {}

  stackframe@1.3.4: {}

  tinyglobby@0.2.13:
    dependencies:
      fdir: 6.4.4(picomatch@4.0.2)
      picomatch: 4.0.2

  tslib@2.8.1: {}

  typescript@5.8.3: {}

  vscode-languageserver-textdocument@1.0.12: {}

  vscode-uri@3.1.0: {}

  xdg-basedir@5.1.0: {}

  yaml@2.7.1: {}
